
Microsoft Visual Studio Solution File, Format Version 12.00
# Visual Studio Version 17
VisualStudioVersion = 17.13.35913.81
MinimumVisualStudioVersion = 10.0.40219.1
Project("{FAE04EC0-301F-11D3-BF4B-00C04F79EFBC}") = "GlidierGlider", "GliderMod\GlidierGlider.csproj", "{BD11ED75-FDD2-44DF-81A3-D86EB43D3851}"
EndProject
Project("{FAE04EC0-301F-11D3-BF4B-00C04F79EFBC}") = "CakeBuild", "ZZCakeBuild\CakeBuild.csproj", "{39225A91-76FD-45C5-85D5-907663B45D90}"
EndProject
Global
	GlobalSection(SolutionConfigurationPlatforms) = preSolution
		Debug|Any CPU = Debug|Any CPU
		Release|Any CPU = Release|Any CPU
	EndGlobalSection
	GlobalSection(ProjectConfigurationPlatforms) = postSolution
		{BD11ED75-FDD2-44DF-81A3-D86EB43D3851}.Debug|Any CPU.ActiveCfg = Debug|Any CPU
		{BD11ED75-FDD2-44DF-81A3-D86EB43D3851}.Debug|Any CPU.Build.0 = Debug|Any CPU
		{BD11ED75-FDD2-44DF-81A3-D86EB43D3851}.Release|Any CPU.ActiveCfg = Release|Any CPU
		{BD11ED75-FDD2-44DF-81A3-D86EB43D3851}.Release|Any CPU.Build.0 = Release|Any CPU
		{39225A91-76FD-45C5-85D5-907663B45D90}.Debug|Any CPU.ActiveCfg = Debug|Any CPU
		{39225A91-76FD-45C5-85D5-907663B45D90}.Debug|Any CPU.Build.0 = Debug|Any CPU
		{39225A91-76FD-45C5-85D5-907663B45D90}.Release|Any CPU.ActiveCfg = Release|Any CPU
		{39225A91-76FD-45C5-85D5-907663B45D90}.Release|Any CPU.Build.0 = Release|Any CPU
	EndGlobalSection
	GlobalSection(SolutionProperties) = preSolution
		HideSolutionNode = FALSE
	EndGlobalSection
	GlobalSection(ExtensibilityGlobals) = postSolution
		SolutionGuid = {7B7A1729-8FF1-491B-9C12-C19091E14572}
	EndGlobalSection
EndGlobal
